{
  "version": 4,
  "terraform_version": "1.16.1",
  "serial": 3,
  "lineage": "a9d1dd3d-9a1b-4bac-68b0-15955667efff",
  "outputs": {
    "rds_address": {
      "value": "localhost",
      "type": "string"
    },
    "rds_database_name": {
      "value": "myapp",
      "type": "string"
    },
    "rds_endpoint": {
      "value": "localhost:7001",
      "type": "string"
    },
    "rds_port": {
      "value": 5432,
      "type": "number"
    },
    "rds_username": {
      "value": "postgres",
      "type": "string"
    }
  },
  "resources": [
    {
      "module": "module.rds",
      "mode": "managed",
      "type": "aws_db_instance",
      "name": "postgres",
      "provider": "provider[\"registry.terraform.io/hashicorp/aws\"]",
      "instances": [
        {
          "schema_version": 2,
          "attributes": {
            "address": "localhost",
            "allocated_storage": 20,
            "allow_major_version_upgrade": null,
            "apply_immediately": false,
            "arn": "arn:aws:rds:us-east-1:000000000000:db:myapp-postgres",
            "auto_minor_version_upgrade": true,
            "availability_zone": "us-east-1c",
            "backup_retention_period": 0,
            "backup_target": "",
            "backup_window": "04:00-06:00",
            "blue_green_update": [],
            "ca_cert_identifier": "",
            "character_set_name": "",
            "copy_tags_to_snapshot": false,
            "custom_iam_instance_profile": "",
            "customer_owned_ip_enabled": false,
            "database_insights_mode": "",
            "db_name": "myapp",
            "db_subnet_group_name": "default",
            "dedicated_log_volume": false,
            "delete_automated_backups": true,
            "deletion_protection": false,
            "domain": "",
            "domain_auth_secret_arn": "",
            "domain_dns_ips": null,
            "domain_fqdn": "",
            "domain_iam_role_name": "",
            "domain_ou": "",
            "enabled_cloudwatch_logs_exports": null,
            "endpoint": "localhost:7001",
            "engine": "postgres",
            "engine_lifecycle_support": "",
            "engine_version": "17",
            "engine_version_actual": "17",
            "final_snapshot_identifier": null,
            "hosted_zone_id": "",
            "iam_database_authentication_enabled": false,
            "id": "db-C675CEF43F0844B4AA3E6399",
            "identifier": "myapp-postgres",
            "identifier_prefix": "",
            "instance_class": "db.t3.micro",
            "iops": 0,
            "kms_key_id": "",
            "latest_restorable_time": "",
            "license_model": "",
            "listener_endpoint": [],
            "maintenance_window": "mon:00:00-mon:03:00",
            "manage_master_user_password": null,
            "master_user_secret": [],
            "master_user_secret_kms_key_id": null,
            "max_allocated_storage": 0,
            "monitoring_interval": 0,
            "monitoring_role_arn": "",
            "multi_az": false,
            "nchar_character_set_name": "",
            "network_type": "",
            "option_group_name": "default:postgres-17",
            "parameter_group_name": "default.postgres17",
            "password": "postgres",
            "password_wo": null,
            "password_wo_version": null,
            "performance_insights_enabled": false,
            "performance_insights_kms_key_id": "",
            "performance_insights_retention_period": 0,
            "port": 7001,
            "publicly_accessible": false,
            "region": "us-east-1",
            "replica_mode": "",
            "replicas": [],
            "replicate_source_db": "",
            "resource_id": "db-C675CEF43F0844B4AA3E6399",
            "restore_to_point_in_time": [],
            "s3_import": [],
            "skip_final_snapshot": true,
            "snapshot_identifier": null,
            "status": "available",
            "storage_encrypted": false,
            "storage_throughput": 0,
            "storage_type": "gp2",
            "tags": {
              "Environment": "terraform",
              "ManagedBy": "terraform",
              "Name": "myapp-postgres"
            },
            "tags_all": {
              "Environment": "terraform",
              "ManagedBy": "terraform",
              "Name": "myapp-postgres"
            },
            "timeouts": null,
            "timezone": "",
            "upgrade_rollout_order": "",
            "upgrade_storage_config": null,
            "username": "postgres",
            "vpc_security_group_ids": [
              "sg-00000000"
            ]
          },
          "sensitive_attributes": [
            [
              {
                "type": "get_attr",
                "value": "password"
              }
            ],
            [
              {
                "type": "get_attr",
                "value": "password_wo"
              }
            ]
          ],
          "identity_schema_version": 0,
          "identity": {
            "account_id": "",
            "identifier": "myapp-postgres",
            "region": "us-east-1"
          },
          "private": "eyJlMmJmYjczMC1lY2FhLTExZTYtOGY4OC0zNDM2M2JjN2M0YzAiOnsiY3JlYXRlIjozMDAwMDAwMDAwMDAwLCJkZWxldGUiOjM2MDAwMDAwMDAwMDAsInVwZGF0ZSI6NDgwMDAwMDAwMDAwMH0sInNjaGVtYV92ZXJzaW9uIjoiMiJ9"
        }
      ]
    }
  ],
  "check_results": [
    {
      "object_kind": "var",
      "config_addr": "var.target",
      "status": "pass",
      "objects": [
        {
          "object_addr": "var.target",
          "status": "pass"
        }
      ]
    }
  ]
}
